// !$*UTF8*$!
{
	archiveVersion = 1;
	classes = {
	};
	objectVersion = 56;
	objects = {

/* Begin PBXBuildFile section */
		7555FF83242A565900829871 /* ContentView.swift in Sources */ = {isa = PBXBuildFile; fileRef = 7555FF82242A565900829871 /* ContentView.swift */; };
		7555FF8C242A565B00829871 /* Preview Assets.xcassets in Resources */ = {isa = PBXBuildFile; fileRef = 7555FF8B242A565B00829871 /* Preview Assets.xcassets */; };
		7555FFB0242A642300829871 /* shared.framework in Frameworks */ = {isa = PBXBuildFile; fileRef = 7555FF7D242A565900829871 /* shared.framework */; };
		7555FFB1242A642300829871 /* shared.framework in Embed Frameworks */ = {isa = PBXBuildFile; fileRef = 7555FF7D242A565900829871 /* shared.framework */; settings = {ATTRIBUTES = (CodeSignOnCopy, RemoveHeadersOnCopy, ); }; };
		A1001234567890AB /* SplashScreen.swift in Sources */ = {isa = PBXBuildFile; fileRef = A1001234567890AA /* SplashScreen.swift */; };
		A1001234567890AC /* TermsScreen.swift in Sources */ = {isa = PBXBuildFile; fileRef = A1001234567890AB /* TermsScreen.swift */; };
		A1001234567890AD /* LandingScreen.swift in Sources */ = {isa = PBXBuildFile; fileRef = A1001234567890AC /* LandingScreen.swift */; };
		A1001234567890AE /* LoginScreen.swift in Sources */ = {isa = PBXBuildFile; fileRef = A1001234567890AD /* LoginScreen.swift */; };
		A1001234567890AF /* iOSApp.swift in Sources */ = {isa = PBXBuildFile; fileRef = A1001234567890AE /* iOSApp.swift */; };
		B1001234567890B0 /* KoinHelper.swift in Sources */ = {isa = PBXBuildFile; fileRef = B1001234567890AF /* KoinHelper.swift */; };
		C1001234567890B1 /* iosAppUITests.swift in Sources */ = {isa = PBXBuildFile; fileRef = C1001234567890B0 /* iosAppUITests.swift */; };
		C1001234567890B2 /* SplashScreenUITests.swift in Sources */ = {isa = PBXBuildFile; fileRef = C1001234567890B1 /* SplashScreenUITests.swift */; };
		C1001234567890B3 /* TermsScreenUITests.swift in Sources */ = {isa = PBXBuildFile; fileRef = C1001234567890B2 /* TermsScreenUITests.swift */; };
		C1001234567890B4 /* LandingScreenUITests.swift in Sources */ = {isa = PBXBuildFile; fileRef = C1001234567890B3 /* LandingScreenUITests.swift */; };
		C1001234567890B5 /* LoginScreenUITests.swift in Sources */ = {isa = PBXBuildFile; fileRef = C1001234567890B4 /* LoginScreenUITests.swift */; };
		D1001234567890B2 /* CarerRegistrationScreen.swift in Sources */ = {isa = PBXBuildFile; fileRef = D1001234567890B0 /* CarerRegistrationScreen.swift */; };
		D1001234567890B3 /* RegistrationSuccessScreen.swift in Sources */ = {isa = PBXBuildFile; fileRef = D1001234567890B1 /* RegistrationSuccessScreen.swift */; };
		E1001234567890B6 /* CarerRegistrationUITests.swift in Sources */ = {isa = PBXBuildFile; fileRef = E1001234567890B5 /* CarerRegistrationUITests.swift */; };
		F1001234567890B2 /* ChatListScreen.swift in Sources */ = {isa = PBXBuildFile; fileRef = F1001234567890B0 /* ChatListScreen.swift */; };
		F1001234567890B3 /* ChatScreen.swift in Sources */ = {isa = PBXBuildFile; fileRef = F1001234567890B1 /* ChatScreen.swift */; };
		F1001234567890B4 /* CareeRegistrationScreen.swift in Sources */ = {isa = PBXBuildFile; fileRef = F1001234567890B2 /* CareeRegistrationScreen.swift */; };
		F1001234567890B7 /* ChatListScreenUITests.swift in Sources */ = {isa = PBXBuildFile; fileRef = F1001234567890B5 /* ChatListScreenUITests.swift */; };
		F1001234567890B8 /* CareeRegistrationUITests.swift in Sources */ = {isa = PBXBuildFile; fileRef = F1001234567890B6 /* CareeRegistrationUITests.swift */; };
		G1001234567890B2 /* ChatListScreenViewModel.swift in Sources */ = {isa = PBXBuildFile; fileRef = G1001234567890B0 /* ChatListScreenViewModel.swift */; };
		H1001234567890B5 /* ProfileScreen.swift in Sources */ = {isa = PBXBuildFile; fileRef = H1001234567890B0 /* ProfileScreen.swift */; };
		H1001234567890B6 /* DashboardScreen.swift in Sources */ = {isa = PBXBuildFile; fileRef = H1001234567890B1 /* DashboardScreen.swift */; };
		H1001234567890B7 /* DetailsTreeScreen.swift in Sources */ = {isa = PBXBuildFile; fileRef = H1001234567890B2 /* DetailsTreeScreen.swift */; };
		H1001234567890B8 /* CarerTabView.swift in Sources */ = {isa = PBXBuildFile; fileRef = H1001234567890B3 /* CarerTabView.swift */; };
		H1001234567890B9 /* CarerNavigationUITests.swift in Sources */ = {isa = PBXBuildFile; fileRef = H1001234567890B4 /* CarerNavigationUITests.swift */; };
/* End PBXBuildFile section */

/* Begin PBXCopyFilesBuildPhase section */
		7555FFB4242A642300829871 /* Embed Frameworks */ = {
			isa = PBXCopyFilesBuildPhase;
			buildActionMask = 2147483647;
			dstPath = "";
			dstSubfolderSpec = 10;
			files = (
				7555FFB1242A642300829871 /* shared.framework in Embed Frameworks */,
			);
			name = "Embed Frameworks";
			runOnlyForDeploymentPostprocessing = 0;
		};
/* End PBXCopyFilesBuildPhase section */

/* Begin PBXFileReference section */
		7555FF7B242A565900829871 /* iosApp.app */ = {isa = PBXFileReference; explicitFileType = wrapper.application; includeInIndex = 0; path = iosApp.app; sourceTree = BUILT_PRODUCTS_DIR; };
		7555FF7D242A565900829871 /* shared.framework */ = {isa = PBXFileReference; lastKnownFileType = wrapper.framework; name = shared.framework; path = ../shared/build/xcode-frameworks/shared.framework; sourceTree = "<group>"; };
		7555FF82242A565900829871 /* ContentView.swift */ = {isa = PBXFileReference; lastKnownFileType = sourcecode.swift; path = ContentView.swift; sourceTree = "<group>"; };
		7555FF8B242A565B00829871 /* Preview Assets.xcassets */ = {isa = PBXFileReference; lastKnownFileType = folder.assetcatalog; path = "Preview Assets.xcassets"; sourceTree = "<group>"; };
		7555FF8C242A565B00829871 /* Assets.xcassets */ = {isa = PBXFileReference; lastKnownFileType = folder.assetcatalog; path = Assets.xcassets; sourceTree = "<group>"; };
		A1001234567890AA /* SplashScreen.swift */ = {isa = PBXFileReference; lastKnownFileType = sourcecode.swift; path = SplashScreen.swift; sourceTree = "<group>"; };
		A1001234567890AB /* TermsScreen.swift */ = {isa = PBXFileReference; lastKnownFileType = sourcecode.swift; path = TermsScreen.swift; sourceTree = "<group>"; };
		A1001234567890AC /* LandingScreen.swift */ = {isa = PBXFileReference; lastKnownFileType = sourcecode.swift; path = LandingScreen.swift; sourceTree = "<group>"; };
		A1001234567890AD /* LoginScreen.swift */ = {isa = PBXFileReference; lastKnownFileType = sourcecode.swift; path = LoginScreen.swift; sourceTree = "<group>"; };
		A1001234567890AE /* iOSApp.swift */ = {isa = PBXFileReference; lastKnownFileType = sourcecode.swift; path = iOSApp.swift; sourceTree = "<group>"; };
		D1001234567890B0 /* CarerRegistrationScreen.swift */ = {isa = PBXFileReference; lastKnownFileType = sourcecode.swift; path = CarerRegistrationScreen.swift; sourceTree = "<group>"; };
		D1001234567890B1 /* RegistrationSuccessScreen.swift */ = {isa = PBXFileReference; lastKnownFileType = sourcecode.swift; path = RegistrationSuccessScreen.swift; sourceTree = "<group>"; };
		F1001234567890B0 /* ChatListScreen.swift */ = {isa = PBXFileReference; lastKnownFileType = sourcecode.swift; path = ChatListScreen.swift; sourceTree = "<group>"; };
		F1001234567890B1 /* ChatScreen.swift */ = {isa = PBXFileReference; lastKnownFileType = sourcecode.swift; path = ChatScreen.swift; sourceTree = "<group>"; };
		F1001234567890B2 /* CareeRegistrationScreen.swift */ = {isa = PBXFileReference; lastKnownFileType = sourcecode.swift; path = CareeRegistrationScreen.swift; sourceTree = "<group>"; };
		G1001234567890B0 /* ChatListScreenViewModel.swift */ = {isa = PBXFileReference; lastKnownFileType = sourcecode.swift; path = ChatListScreenViewModel.swift; sourceTree = "<group>"; };
		AB3632DC29227652001CCB65 /* Config.xcconfig */ = {isa = PBXFileReference; fileEncoding = 4; lastKnownFileType = text.xcconfig; path = Config.xcconfig; sourceTree = "<group>"; };
		B1001234567890AF /* KoinHelper.swift */ = {isa = PBXFileReference; lastKnownFileType = sourcecode.swift; path = KoinHelper.swift; sourceTree = "<group>"; };
		C1001234567890AF /* iosAppUITests.xctest */ = {isa = PBXFileReference; explicitFileType = wrapper.cfbundle; includeInIndex = 0; path = iosAppUITests.xctest; sourceTree = BUILT_PRODUCTS_DIR; };
		C1001234567890B0 /* iosAppUITests.swift */ = {isa = PBXFileReference; lastKnownFileType = sourcecode.swift; path = iosAppUITests.swift; sourceTree = "<group>"; };
		C1001234567890B1 /* SplashScreenUITests.swift */ = {isa = PBXFileReference; lastKnownFileType = sourcecode.swift; path = SplashScreenUITests.swift; sourceTree = "<group>"; };
		C1001234567890B2 /* TermsScreenUITests.swift */ = {isa = PBXFileReference; lastKnownFileType = sourcecode.swift; path = TermsScreenUITests.swift; sourceTree = "<group>"; };
		C1001234567890B3 /* LandingScreenUITests.swift */ = {isa = PBXFileReference; lastKnownFileType = sourcecode.swift; path = LandingScreenUITests.swift; sourceTree = "<group>"; };
		C1001234567890B4 /* LoginScreenUITests.swift */ = {isa = PBXFileReference; lastKnownFileType = sourcecode.swift; path = LoginScreenUITests.swift; sourceTree = "<group>"; };
		E1001234567890B5 /* CarerRegistrationUITests.swift */ = {isa = PBXFileReference; lastKnownFileType = sourcecode.swift; path = CarerRegistrationUITests.swift; sourceTree = "<group>"; };
		F1001234567890B5 /* ChatListScreenUITests.swift */ = {isa = PBXFileReference; lastKnownFileType = sourcecode.swift; path = ChatListScreenUITests.swift; sourceTree = "<group>"; };
		F1001234567890B6 /* CareeRegistrationUITests.swift */ = {isa = PBXFileReference; lastKnownFileType = sourcecode.swift; path = CareeRegistrationUITests.swift; sourceTree = "<group>"; };
		H1001234567890B0 /* ProfileScreen.swift */ = {isa = PBXFileReference; lastKnownFileType = sourcecode.swift; path = ProfileScreen.swift; sourceTree = "<group>"; };
		H1001234567890B1 /* DashboardScreen.swift */ = {isa = PBXFileReference; lastKnownFileType = sourcecode.swift; path = DashboardScreen.swift; sourceTree = "<group>"; };
		H1001234567890B2 /* DetailsTreeScreen.swift */ = {isa = PBXFileReference; lastKnownFileType = sourcecode.swift; path = DetailsTreeScreen.swift; sourceTree = "<group>"; };
		H1001234567890B3 /* CarerTabView.swift */ = {isa = PBXFileReference; lastKnownFileType = sourcecode.swift; path = CarerTabView.swift; sourceTree = "<group>"; };
		H1001234567890B4 /* CarerNavigationUITests.swift */ = {isa = PBXFileReference; lastKnownFileType = sourcecode.swift; path = CarerNavigationUITests.swift; sourceTree = "<group>"; };
/* End PBXFileReference section */

/* Begin PBXFrameworksBuildPhase section */
		7555FF78242A565900829871 /* Frameworks */ = {
			isa = PBXFrameworksBuildPhase;
			buildActionMask = 2147483647;
			files = (
				7555FFB0242A642300829871 /* shared.framework in Frameworks */,
			);
			runOnlyForDeploymentPostprocessing = 0;
		};
		C1001234567890AC /* Frameworks */ = {
			isa = PBXFrameworksBuildPhase;
			buildActionMask = 2147483647;
			files = (
			);
			runOnlyForDeploymentPostprocessing = 0;
		};
/* End PBXFrameworksBuildPhase section */

/* Begin PBXGroup section */
		7555FF72242A565900829871 = {
			isa = PBXGroup;
			children = (
				AB1DB47929225F7C00F7AF9C /* Configuration */,
				7555FF7D242A565900829871 /* iosApp */,
				C1001234567890B6 /* iosAppUITests */,
				7555FF7C242A565900829871 /* Products */,
				7555FFB2242A642300829871 /* Frameworks */,
			);
			sourceTree = "<group>";
		};
		7555FF7C242A565900829871 /* Products */ = {
			isa = PBXGroup;
			children = (
				7555FF7B242A565900829871 /* iosApp.app */,
				C1001234567890AF /* iosAppUITests.xctest */,
			);
			name = Products;
			sourceTree = "<group>";
		};
		7555FF7D242A565900829871 /* iosApp */ = {
			isa = PBXGroup;
			children = (
				A1001234567890AE /* iOSApp.swift */,
				7555FF82242A565900829871 /* ContentView.swift */,
				B1001234567890AF /* KoinHelper.swift */,
				A1001234567890A9 /* Screens */,
				G1001234567890A9 /* ViewModels */,
				7555FF8C242A565B00829871 /* Assets.xcassets */,
				7555FF8A242A565B00829871 /* Preview Content */,
			);
			path = iosApp;
			sourceTree = "<group>";
		};
		7555FF8A242A565B00829871 /* Preview Content */ = {
			isa = PBXGroup;
			children = (
				7555FF8B242A565B00829871 /* Preview Assets.xcassets */,
			);
			path = "Preview Content";
			sourceTree = "<group>";
		};
		7555FFB2242A642300829871 /* Frameworks */ = {
			isa = PBXGroup;
			children = (
			);
			name = Frameworks;
			sourceTree = "<group>";
		};
		A1001234567890A9 /* Screens */ = {
			isa = PBXGroup;
			children = (
				A1001234567890AA /* SplashScreen.swift */,
				A1001234567890AB /* TermsScreen.swift */,
				A1001234567890AC /* LandingScreen.swift */,
				A1001234567890AD /* LoginScreen.swift */,
				D1001234567890B0 /* CarerRegistrationScreen.swift */,
				D1001234567890B1 /* RegistrationSuccessScreen.swift */,
				F1001234567890B2 /* CareeRegistrationScreen.swift */,
				F1001234567890B0 /* ChatListScreen.swift */,
				F1001234567890B1 /* ChatScreen.swift */,
				H1001234567890B0 /* ProfileScreen.swift */,
				H1001234567890B1 /* DashboardScreen.swift */,
				H1001234567890B2 /* DetailsTreeScreen.swift */,
				H1001234567890B3 /* CarerTabView.swift */,
			);
			path = Screens;
			sourceTree = "<group>";
		};
		AB1DB47929225F7C00F7AF9C /* Configuration */ = {
			isa = PBXGroup;
			children = (
				AB3632DC29227652001CCB65 /* Config.xcconfig */,
			);
			path = Configuration;
			sourceTree = "<group>";
		};
		G1001234567890A9 /* ViewModels */ = {
			isa = PBXGroup;
			children = (
				G1001234567890B0 /* ChatListScreenViewModel.swift */,
			);
			path = ViewModels;
			sourceTree = "<group>";
		};
		C1001234567890B6 /* iosAppUITests */ = {
			isa = PBXGroup;
			children = (
				C1001234567890B0 /* iosAppUITests.swift */,
				C1001234567890B1 /* SplashScreenUITests.swift */,
				C1001234567890B2 /* TermsScreenUITests.swift */,
				C1001234567890B3 /* LandingScreenUITests.swift */,
				C1001234567890B4 /* LoginScreenUITests.swift */,
				E1001234567890B5 /* CarerRegistrationUITests.swift */,
				F1001234567890B6 /* CareeRegistrationUITests.swift */,
				F1001234567890B5 /* ChatListScreenUITests.swift */,
				H1001234567890B4 /* CarerNavigationUITests.swift */,
			);
			path = iosAppUITests;
			sourceTree = "<group>";
		};
/* End PBXGroup section */

/* Begin PBXNativeTarget section */
		7555FF7A242A565900829871 /* iosApp */ = {
			isa = PBXNativeTarget;
			buildConfigurationList = 7555FF8F242A565B00829871 /* Build configuration list for PBXNativeTarget "iosApp" */;
			buildPhases = (
				7555FFB5242A651A00829871 /* ShellScript */,
				7555FF77242A565900829871 /* Sources */,
				7555FF78242A565900829871 /* Frameworks */,
				7555FF79242A565900829871 /* Resources */,
				7555FFB4242A642300829871 /* Embed Frameworks */,
			);
			buildRules = (
			);
			dependencies = (
			);
			name = iosApp;
			productName = iosApp;
			productReference = 7555FF7B242A565900829871 /* iosApp.app */;
			productType = "com.apple.product-type.application";
		};
		C1001234567890AE /* iosAppUITests */ = {
			isa = PBXNativeTarget;
			buildConfigurationList = C1001234567890B7 /* Build configuration list for PBXNativeTarget "iosAppUITests" */;
			buildPhases = (
				C1001234567890AB /* Sources */,
				C1001234567890AC /* Frameworks */,
				C1001234567890AD /* Resources */,
			);
			buildRules = (
			);
			dependencies = (
				C1001234567890B5 /* PBXTargetDependency */,
			);
			name = iosAppUITests;
			productName = iosAppUITests;
			productReference = C1001234567890AF /* iosAppUITests.xctest */;
			productType = "com.apple.product-type.bundle.ui-testing";
		};
/* End PBXNativeTarget section */

/* Begin PBXProject section */
		7555FF73242A565900829871 /* Project object */ = {
			isa = PBXProject;
			attributes = {
				LastSwiftUpdateCheck = 1130;
				LastUpgradeCheck = 1130;
				ORGANIZATIONNAME = orgName;
				TargetAttributes = {
					7555FF7A242A565900829871 = {
						CreatedOnToolsVersion = 11.3.1;
					};
					C1001234567890AE = {
						CreatedOnToolsVersion = 11.3.1;
						TestTargetID = 7555FF7A242A565900829871;
					};
				};
			};
			buildConfigurationList = 7555FF76242A565900829871 /* Build configuration list for PBXProject "iosApp" */;
			compatibilityVersion = "Xcode 9.3";
			developmentRegion = en;
			hasScannedForEncodings = 0;
			knownRegions = (
				en,
				Base,
			);
			mainGroup = 7555FF72242A565900829871;
			productRefGroup = 7555FF7C242A565900829871 /* Products */;
			projectDirPath = "";
			projectRoot = "";
			targets = (
				7555FF7A242A565900829871 /* iosApp */,
				C1001234567890AE /* iosAppUITests */,
			);
		};
/* End PBXProject section */

/* Begin PBXTargetDependency section */
		C1001234567890B5 /* PBXTargetDependency */ = {
			isa = PBXTargetDependency;
			target = 7555FF7A242A565900829871 /* iosApp */;
			targetProxy = C1001234567890B4 /* PBXContainerItemProxy */;
		};
/* End PBXTargetDependency section */

/* Begin PBXContainerItemProxy section */
		C1001234567890B4 /* PBXContainerItemProxy */ = {
			isa = PBXContainerItemProxy;
			containerPortal = 7555FF73242A565900829871 /* Project object */;
			proxyType = 1;
			remoteGlobalIDString = 7555FF7A242A565900829871;
			remoteInfo = iosApp;
		};
/* End PBXContainerItemProxy section */

/* Begin PBXResourcesBuildPhase section */
		7555FF79242A565900829871 /* Resources */ = {
			isa = PBXResourcesBuildPhase;
			buildActionMask = 2147483647;
			files = (
				7555FF8C242A565B00829871 /* Preview Assets.xcassets in Resources */,
			);
			runOnlyForDeploymentPostprocessing = 0;
		};
		C1001234567890AD /* Resources */ = {
			isa = PBXResourcesBuildPhase;
			buildActionMask = 2147483647;
			files = (
			);
			runOnlyForDeploymentPostprocessing = 0;
		};
/* End PBXResourcesBuildPhase section */

/* Begin PBXShellScriptBuildPhase section */
		7555FFB5242A651A00829871 /* ShellScript */ = {
			isa = PBXShellScriptBuildPhase;
			buildActionMask = 2147483647;
			files = (
			);
			inputFileListPaths = (
			);
			inputPaths = (
			);
			outputFileListPaths = (
			);
			outputPaths = (
			);
			runOnlyForDeploymentPostprocessing = 0;
			shellPath = /bin/sh;
			shellScript = "cd \"$SRCROOT/..\"\n./gradlew :shared:embedAndSignAppleFrameworkForXcode\n";
		};
/* End PBXShellScriptBuildPhase section */

/* Begin PBXSourcesBuildPhase section */
		7555FF77242A565900829871 /* Sources */ = {
			isa = PBXSourcesBuildPhase;
			buildActionMask = 2147483647;
			files = (
				A1001234567890AF /* iOSApp.swift in Sources */,
				7555FF83242A565900829871 /* ContentView.swift in Sources */,
				B1001234567890B0 /* KoinHelper.swift in Sources */,
				A1001234567890AB /* SplashScreen.swift in Sources */,
				A1001234567890AC /* TermsScreen.swift in Sources */,
				A1001234567890AD /* LandingScreen.swift in Sources */,
				A1001234567890AE /* LoginScreen.swift in Sources */,
				D1001234567890B2 /* CarerRegistrationScreen.swift in Sources */,
				D1001234567890B3 /* RegistrationSuccessScreen.swift in Sources */,
				F1001234567890B4 /* CareeRegistrationScreen.swift in Sources */,
				F1001234567890B2 /* ChatListScreen.swift in Sources */,
				F1001234567890B3 /* ChatScreen.swift in Sources */,
				G1001234567890B2 /* ChatListScreenViewModel.swift in Sources */,
				H1001234567890B5 /* ProfileScreen.swift in Sources */,
				H1001234567890B6 /* DashboardScreen.swift in Sources */,
				H1001234567890B7 /* DetailsTreeScreen.swift in Sources */,
				H1001234567890B8 /* CarerTabView.swift in Sources */,
			);
			runOnlyForDeploymentPostprocessing = 0;
		};
		C1001234567890AB /* Sources */ = {
			isa = PBXSourcesBuildPhase;
			buildActionMask = 2147483647;
			files = (
				C1001234567890B1 /* iosAppUITests.swift in Sources */,
				C1001234567890B2 /* SplashScreenUITests.swift in Sources */,
				C1001234567890B3 /* TermsScreenUITests.swift in Sources */,
				C1001234567890B4 /* LandingScreenUITests.swift in Sources */,
				C1001234567890B5 /* LoginScreenUITests.swift in Sources */,
				E1001234567890B6 /* CarerRegistrationUITests.swift in Sources */,
				F1001234567890B8 /* CareeRegistrationUITests.swift in Sources */,
				F1001234567890B7 /* ChatListScreenUITests.swift in Sources */,
				H1001234567890B9 /* CarerNavigationUITests.swift in Sources */,
			);
			runOnlyForDeploymentPostprocessing = 0;
		};
/* End PBXSourcesBuildPhase section */

/* Begin XCBuildConfiguration section */
		7555FF8D242A565B00829871 /* Debug */ = {
			isa = XCBuildConfiguration;
			buildSettings = {
				ALWAYS_SEARCH_USER_PATHS = NO;
				CLANG_ANALYZER_NONNULL = YES;
				CLANG_ANALYZER_NUMBER_OBJECT_CONVERSION = YES_AGGRESSIVE;
				CLANG_CXX_LANGUAGE_STANDARD = "gnu++14";
				CLANG_CXX_LIBRARY = "libc++";
				CLANG_ENABLE_MODULES = YES;
				CLANG_ENABLE_OBJC_ARC = YES;
				CLANG_ENABLE_OBJC_WEAK = YES;
				CLANG_WARN_BLOCK_CAPTURE_AUTORELEASING = YES;
				CLANG_WARN_BOOL_CONVERSION = YES;
				CLANG_WARN_COMMA = YES;
				CLANG_WARN_CONSTANT_CONVERSION = YES;
				CLANG_WARN_DEPRECATED_OBJC_IMPLEMENTATIONS = YES;
				CLANG_WARN_DIRECT_OBJC_ISA_USAGE = YES_ERROR;
				CLANG_WARN_DOCUMENTATION_COMMENTS = YES;
				CLANG_WARN_EMPTY_BODY = YES;
				CLANG_WARN_ENUM_CONVERSION = YES;
				CLANG_WARN_INFINITE_RECURSION = YES;
				CLANG_WARN_INT_CONVERSION = YES;
				CLANG_WARN_NON_LITERAL_NULL_CONVERSION = YES;
				CLANG_WARN_OBJC_IMPLICIT_RETAIN_SELF = YES;
				CLANG_WARN_OBJC_LITERAL_CONVERSION = YES;
				CLANG_WARN_OBJC_ROOT_CLASS = YES_ERROR;
				CLANG_WARN_QUOTED_INCLUDE_IN_FRAMEWORK_HEADER = YES;
				CLANG_WARN_RANGE_LOOP_ANALYSIS = YES;
				CLANG_WARN_STRICT_PROTOTYPES = YES;
				CLANG_WARN_SUSPICIOUS_MOVE = YES;
				CLANG_WARN_UNGUARDED_AVAILABILITY = YES_AGGRESSIVE;
				CLANG_WARN_UNREACHABLE_CODE = YES;
				CLANG_WARN__DUPLICATE_METHOD_MATCH = YES;
				COPY_PHASE_STRIP = NO;
				DEBUG_INFORMATION_FORMAT = "dwarf-with-dsym";
				ENABLE_STRICT_OBJC_MSGSEND = YES;
				ENABLE_TESTABILITY = YES;
				GCC_C_LANGUAGE_STANDARD = gnu11;
				GCC_DYNAMIC_NO_PIC = NO;
				GCC_NO_COMMON_BLOCKS = YES;
				GCC_OPTIMIZATION_LEVEL = 0;
				GCC_PREPROCESSOR_DEFINITIONS = (
					"DEBUG=1",
					"$(inherited)",
				);
				GCC_WARN_64_TO_32_BIT_CONVERSION = YES;
				GCC_WARN_ABOUT_RETURN_TYPE = YES_ERROR;
				GCC_WARN_UNDECLARED_SELECTOR = YES;
				GCC_WARN_UNINITIALIZED_AUTOS = YES_AGGRESSIVE;
				GCC_WARN_UNUSED_FUNCTION = YES;
				GCC_WARN_UNUSED_VARIABLE = YES;
				IPHONEOS_DEPLOYMENT_TARGET = 14.1;
				MTL_ENABLE_DEBUG_INFO = INCLUDE_SOURCE;
				MTL_FAST_MATH = YES;
				ONLY_ACTIVE_ARCH = YES;
				SDKROOT = iphoneos;
				SWIFT_ACTIVE_COMPILATION_CONDITIONS = DEBUG;
				SWIFT_OPTIMIZATION_LEVEL = "-Onone";
			};
			name = Debug;
		};
		7555FF8E242A565B00829871 /* Release */ = {
			isa = XCBuildConfiguration;
			buildSettings = {
				ALWAYS_SEARCH_USER_PATHS = NO;
				CLANG_ANALYZER_NONNULL = YES;
				CLANG_ANALYZER_NUMBER_OBJECT_CONVERSION = YES_AGGRESSIVE;
				CLANG_CXX_LANGUAGE_STANDARD = "gnu++14";
				CLANG_CXX_LIBRARY = "libc++";
				CLANG_ENABLE_MODULES = YES;
				CLANG_ENABLE_OBJC_ARC = YES;
				CLANG_ENABLE_OBJC_WEAK = YES;
				CLANG_WARN_BLOCK_CAPTURE_AUTORELEASING = YES;
				CLANG_WARN_BOOL_CONVERSION = YES;
				CLANG_WARN_COMMA = YES;
				CLANG_WARN_CONSTANT_CONVERSION = YES;
				CLANG_WARN_DEPRECATED_OBJC_IMPLEMENTATIONS = YES;
				CLANG_WARN_DIRECT_OBJC_ISA_USAGE = YES_ERROR;
				CLANG_WARN_DOCUMENTATION_COMMENTS = YES;
				CLANG_WARN_EMPTY_BODY = YES;
				CLANG_WARN_ENUM_CONVERSION = YES;
				CLANG_WARN_INFINITE_RECURSION = YES;
				CLANG_WARN_INT_CONVERSION = YES;
				CLANG_WARN_NON_LITERAL_NULL_CONVERSION = YES;
				CLANG_WARN_OBJC_IMPLICIT_RETAIN_SELF = YES;
				CLANG_WARN_OBJC_LITERAL_CONVERSION = YES;
				CLANG_WARN_OBJC_ROOT_CLASS = YES_ERROR;
				CLANG_WARN_QUOTED_INCLUDE_IN_FRAMEWORK_HEADER = YES;
				CLANG_WARN_RANGE_LOOP_ANALYSIS = YES;
				CLANG_WARN_STRICT_PROTOTYPES = YES;
				CLANG_WARN_SUSPICIOUS_MOVE = YES;
				CLANG_WARN_UNGUARDED_AVAILABILITY = YES_AGGRESSIVE;
				CLANG_WARN_UNREACHABLE_CODE = YES;
				CLANG_WARN__DUPLICATE_METHOD_MATCH = YES;
				COPY_PHASE_STRIP = NO;
				DEBUG_INFORMATION_FORMAT = "dwarf-with-dsym";
				ENABLE_NS_ASSERTIONS = NO;
				ENABLE_STRICT_OBJC_MSGSEND = YES;
				GCC_C_LANGUAGE_STANDARD = gnu11;
				GCC_NO_COMMON_BLOCKS = YES;
				GCC_WARN_64_TO_32_BIT_CONVERSION = YES;
				GCC_WARN_ABOUT_RETURN_TYPE = YES_ERROR;
				GCC_WARN_UNDECLARED_SELECTOR = YES;
				GCC_WARN_UNINITIALIZED_AUTOS = YES_AGGRESSIVE;
				GCC_WARN_UNUSED_FUNCTION = YES;
				GCC_WARN_UNUSED_VARIABLE = YES;
				IPHONEOS_DEPLOYMENT_TARGET = 14.1;
				MTL_ENABLE_DEBUG_INFO = NO;
				MTL_FAST_MATH = YES;
				SDKROOT = iphoneos;
				SWIFT_COMPILATION_MODE = wholemodule;
				SWIFT_OPTIMIZATION_LEVEL = "-O";
				VALIDATE_PRODUCT = YES;
			};
			name = Release;
		};
		7555FF90242A565B00829871 /* Debug */ = {
			isa = XCBuildConfiguration;
			baseConfigurationReference = AB3632DC29227652001CCB65 /* Config.xcconfig */;
			buildSettings = {
				ASSETCATALOG_COMPILER_APPICON_NAME = AppIcon;
				CODE_SIGN_STYLE = Automatic;
				DEVELOPMENT_ASSET_PATHS = "\"iosApp/Preview Content\"";
				ENABLE_PREVIEWS = YES;
				FRAMEWORK_SEARCH_PATHS = (
					"$(inherited)",
					"$(SRCROOT)/../shared/build/xcode-frameworks/$(CONFIGURATION)/$(SDK_NAME)",
				);
				INFOPLIST_FILE = iosApp/Info.plist;
				LD_RUNPATH_SEARCH_PATHS = (
					"$(inherited)",
					"@executable_path/Frameworks",
				);
				OTHER_LDFLAGS = (
					"$(inherited)",
					"-framework",
					shared,
				);
				PRODUCT_BUNDLE_IDENTIFIER = "$(BUNDLE_ID)";
				PRODUCT_NAME = "$(TARGET_NAME)";
				SWIFT_VERSION = 5.0;
				TARGETED_DEVICE_FAMILY = "1,2";
			};
			name = Debug;
		};
		7555FF91242A565B00829871 /* Release */ = {
			isa = XCBuildConfiguration;
			baseConfigurationReference = AB3632DC29227652001CCB65 /* Config.xcconfig */;
			buildSettings = {
				ASSETCATALOG_COMPILER_APPICON_NAME = AppIcon;
				CODE_SIGN_STYLE = Automatic;
				DEVELOPMENT_ASSET_PATHS = "\"iosApp/Preview Content\"";
				ENABLE_PREVIEWS = YES;
				FRAMEWORK_SEARCH_PATHS = (
					"$(inherited)",
					"$(SRCROOT)/../shared/build/xcode-frameworks/$(CONFIGURATION)/$(SDK_NAME)",
				);
				INFOPLIST_FILE = iosApp/Info.plist;
				LD_RUNPATH_SEARCH_PATHS = (
					"$(inherited)",
					"@executable_path/Frameworks",
				);
				OTHER_LDFLAGS = (
					"$(inherited)",
					"-framework",
					shared,
				);
				PRODUCT_BUNDLE_IDENTIFIER = "$(BUNDLE_ID)";
				PRODUCT_NAME = "$(TARGET_NAME)";
				SWIFT_VERSION = 5.0;
				TARGETED_DEVICE_FAMILY = "1,2";
			};
			name = Release;
		};
		C1001234567890B8 /* Debug */ = {
			isa = XCBuildConfiguration;
			buildSettings = {
				CODE_SIGN_STYLE = Automatic;
				CURRENT_PROJECT_VERSION = 1;
				GENERATE_INFOPLIST_FILE = YES;
				MARKETING_VERSION = 1.0;
				PRODUCT_BUNDLE_IDENTIFIER = "$(BUNDLE_ID).uitests";
				PRODUCT_NAME = "$(TARGET_NAME)";
				SWIFT_EMIT_LOC_STRINGS = NO;
				SWIFT_VERSION = 5.0;
				TARGETED_DEVICE_FAMILY = "1,2";
				TEST_TARGET_NAME = iosApp;
			};
			name = Debug;
		};
		C1001234567890B9 /* Release */ = {
			isa = XCBuildConfiguration;
			buildSettings = {
				CODE_SIGN_STYLE = Automatic;
				CURRENT_PROJECT_VERSION = 1;
				GENERATE_INFOPLIST_FILE = YES;
				MARKETING_VERSION = 1.0;
				PRODUCT_BUNDLE_IDENTIFIER = "$(BUNDLE_ID).uitests";
				PRODUCT_NAME = "$(TARGET_NAME)";
				SWIFT_EMIT_LOC_STRINGS = NO;
				SWIFT_VERSION = 5.0;
				TARGETED_DEVICE_FAMILY = "1,2";
				TEST_TARGET_NAME = iosApp;
			};
			name = Release;
		};
/* End XCBuildConfiguration section */

/* Begin XCConfigurationList section */
		7555FF76242A565900829871 /* Build configuration list for PBXProject "iosApp" */ = {
			isa = XCConfigurationList;
			buildConfigurations = (
				7555FF8D242A565B00829871 /* Debug */,
				7555FF8E242A565B00829871 /* Release */,
			);
			defaultConfigurationIsVisible = 0;
			defaultConfigurationName = Release;
		};
		7555FF8F242A565B00829871 /* Build configuration list for PBXNativeTarget "iosApp" */ = {
			isa = XCConfigurationList;
			buildConfigurations = (
				7555FF90242A565B00829871 /* Debug */,
				7555FF91242A565B00829871 /* Release */,
			);
			defaultConfigurationIsVisible = 0;
			defaultConfigurationName = Release;
		};
		C1001234567890B7 /* Build configuration list for PBXNativeTarget "iosAppUITests" */ = {
			isa = XCConfigurationList;
			buildConfigurations = (
				C1001234567890B8 /* Debug */,
				C1001234567890B9 /* Release */,
			);
			defaultConfigurationIsVisible = 0;
			defaultConfigurationName = Release;
		};
/* End XCConfigurationList section */
	};
	rootObject = 7555FF73242A565900829871 /* Project object */;
}